{
  "nodes": {
    "home-manager": {
      "inputs": {
        "nixpkgs": "nixpkgs"
      },
      "locked": {
        "lastModified": 1687098182,
        "narHash": "sha256-kBys+Cwmcxzh7UNVWTrunOgaR02zl2XN3feA8fSlqVo=",
        "owner": "nix-community",
        "repo": "home-manager",
        "rev": "0480dabc99e1b669ebe909949180fa2786e733cd",
        "type": "github"
      },
      "original": {
        "owner": "nix-community",
        "repo": "home-manager",
        "type": "github"
      }
    },
    "neovim": {
      "flake": false,
      "locked": {
        "lastModified": 1687099337,
        "narHash": "sha256-+U0IdfDPcnnrpszBsOnehX1VmsKK1xoKuI5406iJQ7Q=",
        "owner": "neovim",
        "repo": "neovim",
        "rev": "8c9dab3e0d788d44c8a2fee83a6193f5955c814e",
        "type": "github"
      },
      "original": {
        "owner": "neovim",
        "repo": "neovim",
        "type": "github"
      }
    },
    "nixpkgs": {
      "locked": {
        "lastModified": 1686501370,
        "narHash": "sha256-G0WuM9fqTPRc2URKP9Lgi5nhZMqsfHGrdEbrLvAPJcg=",
        "owner": "nixos",
        "repo": "nixpkgs",
        "rev": "75a5ebf473cd60148ba9aec0d219f72e5cf52519",
        "type": "github"
      },
      "original": {
        "owner": "nixos",
        "ref": "nixos-unstable",
        "repo": "nixpkgs",
        "type": "github"
      }
    },
    "nixpkgs_2": {
      "locked": {
        "lastModified": 1686960236,
        "narHash": "sha256-AYCC9rXNLpUWzD9hm+askOfpliLEC9kwAo7ITJc4HIw=",
        "owner": "NixOS",
        "repo": "nixpkgs",
        "rev": "04af42f3b31dba0ef742d254456dc4c14eedac86",
        "type": "github"
      },
      "original": {
        "owner": "NixOS",
        "ref": "nixos-unstable",
        "repo": "nixpkgs",
        "type": "github"
      }
    },
    "ranger": {
      "flake": false,
      "locked": {
        "lastModified": 1685535387,
        "narHash": "sha256-P8cjImz+PseLaSmSs4rLcjVuC05h6Fgb68YZT0W9CwM=",
        "owner": "ranger",
        "repo": "ranger",
        "rev": "1a007158cef1279df68d0e8567b126def6b68046",
        "type": "github"
      },
      "original": {
        "owner": "ranger",
        "repo": "ranger",
        "type": "github"
      }
    },
    "root": {
      "inputs": {
        "home-manager": "home-manager",
        "neovim": "neovim",
        "nixpkgs": "nixpkgs_2",
        "ranger": "ranger"
      }
    }
  },
  "root": "root",
  "version": 7
}
