{
  "nodes": {
    "fzf-tab": {
      "flake": false,
      "locked": {
        "lastModified": 1686496455,
        "narHash": "sha256-gvZp8P3quOtcy1Xtt1LAW1cfZ/zCtnAmnWqcwrKel6w=",
        "owner": "Aloxaf",
        "repo": "fzf-tab",
        "rev": "c2b4aa5ad2532cca91f23908ac7f00efb7ff09c9",
        "type": "github"
      },
      "original": {
        "owner": "Aloxaf",
        "repo": "fzf-tab",
        "type": "github"
      }
    },
    "home-manager": {
      "inputs": {
        "nixpkgs": "nixpkgs"
      },
      "locked": {
        "lastModified": 1687167448,
        "narHash": "sha256-p4/h9h6Inj34uwf0ncww8Ufub6Vpk+5vHGVTwUT4z1E=",
        "owner": "nix-community",
        "repo": "home-manager",
        "rev": "a10aa82e8aaee11d8e8b8c5e7e19f758a7553bf0",
        "type": "github"
      },
      "original": {
        "owner": "nix-community",
        "repo": "home-manager",
        "type": "github"
      }
    },
    "neovim": {
      "flake": false,
      "locked": {
        "lastModified": 1687166684,
        "narHash": "sha256-YBIralJgzKGdKloauGw0W6RXEbzVXZApa4F5CaEkBME=",
        "owner": "neovim",
        "repo": "neovim",
        "rev": "cee981bf09c81ab4b2fe6facf45076ea4bac46a5",
        "type": "github"
      },
      "original": {
        "owner": "neovim",
        "repo": "neovim",
        "type": "github"
      }
    },
    "nixpkgs": {
      "locked": {
        "lastModified": 1686501370,
        "narHash": "sha256-G0WuM9fqTPRc2URKP9Lgi5nhZMqsfHGrdEbrLvAPJcg=",
        "owner": "nixos",
        "repo": "nixpkgs",
        "rev": "75a5ebf473cd60148ba9aec0d219f72e5cf52519",
        "type": "github"
      },
      "original": {
        "owner": "nixos",
        "ref": "nixos-unstable",
        "repo": "nixpkgs",
        "type": "github"
      }
    },
    "nixpkgs_2": {
      "locked": {
        "lastModified": 1686960236,
        "narHash": "sha256-AYCC9rXNLpUWzD9hm+askOfpliLEC9kwAo7ITJc4HIw=",
        "owner": "NixOS",
        "repo": "nixpkgs",
        "rev": "04af42f3b31dba0ef742d254456dc4c14eedac86",
        "type": "github"
      },
      "original": {
        "owner": "NixOS",
        "ref": "nixos-unstable",
        "repo": "nixpkgs",
        "type": "github"
      }
    },
    "omz": {
      "flake": false,
      "locked": {
        "lastModified": 1687170757,
        "narHash": "sha256-Kv6sA4ICKcLi4jU16fBwnCHbHbOyYUvjVA4Gl0WQAeI=",
        "owner": "ohmyzsh",
        "repo": "ohmyzsh",
        "rev": "c0e811c90df387eca4223c7d4dbb3f2d32a684c7",
        "type": "github"
      },
      "original": {
        "owner": "ohmyzsh",
        "repo": "ohmyzsh",
        "type": "github"
      }
    },
    "p10k": {
      "flake": false,
      "locked": {
        "lastModified": 1686991615,
        "narHash": "sha256-NfVTxxoSH0CWh1fSfv5//H6KAy5RMvlGC/o5TZZ3mr4=",
        "owner": "romkatv",
        "repo": "powerlevel10k",
        "rev": "ab8bac01e2a90e1cd749d4936e4decbdba3c2727",
        "type": "github"
      },
      "original": {
        "owner": "romkatv",
        "repo": "powerlevel10k",
        "type": "github"
      }
    },
    "ranger": {
      "flake": false,
      "locked": {
        "lastModified": 1685535387,
        "narHash": "sha256-P8cjImz+PseLaSmSs4rLcjVuC05h6Fgb68YZT0W9CwM=",
        "owner": "ranger",
        "repo": "ranger",
        "rev": "1a007158cef1279df68d0e8567b126def6b68046",
        "type": "github"
      },
      "original": {
        "owner": "ranger",
        "repo": "ranger",
        "type": "github"
      }
    },
    "root": {
      "inputs": {
        "fzf-tab": "fzf-tab",
        "home-manager": "home-manager",
        "neovim": "neovim",
        "nixpkgs": "nixpkgs_2",
        "omz": "omz",
        "p10k": "p10k",
        "ranger": "ranger",
        "spaceship": "spaceship",
        "zsh-autosuggestions": "zsh-autosuggestions",
        "zsh-highlight": "zsh-highlight"
      }
    },
    "spaceship": {
      "flake": false,
      "locked": {
        "lastModified": 1684848190,
        "narHash": "sha256-gt9CuEHkjlsrc3svLh44L1SZA4OtIhcrFET9d2gJiLM=",
        "owner": "denysdovhan",
        "repo": "spaceship-prompt",
        "rev": "8461d88f59536087bbccd383d1c5da82e9fb90b3",
        "type": "github"
      },
      "original": {
        "owner": "denysdovhan",
        "repo": "spaceship-prompt",
        "type": "github"
      }
    },
    "zsh-autosuggestions": {
      "flake": false,
      "locked": {
        "lastModified": 1622844304,
        "narHash": "sha256-KLUYpUu4DHRumQZ3w59m9aTW6TBKMCXl2UcKi4uMd7w=",
        "owner": "zsh-users",
        "repo": "zsh-autosuggestions",
        "rev": "a411ef3e0992d4839f0732ebeb9823024afaaaa8",
        "type": "github"
      },
      "original": {
        "owner": "zsh-users",
        "repo": "zsh-autosuggestions",
        "type": "github"
      }
    },
    "zsh-highlight": {
      "flake": false,
      "locked": {
        "lastModified": 1680505133,
        "narHash": "sha256-AmsexwVombgVmRvl4O9Kd/WbnVJHPTXETxBv18PDHz4=",
        "owner": "zdharma-continuum",
        "repo": "fast-syntax-highlighting",
        "rev": "13d7b4e63468307b6dcb2dadf6150818f242cbff",
        "type": "github"
      },
      "original": {
        "owner": "zdharma-continuum",
        "repo": "fast-syntax-highlighting",
        "type": "github"
      }
    }
  },
  "root": "root",
  "version": 7
}
