{
  "nodes": {
    "fast-syntax-highlighting": {
      "flake": false,
      "locked": {
        "lastModified": 1688591419,
        "narHash": "sha256-RVX9ZSzjBW3LpFs2W86lKI6vtcvDWP6EPxzeTcRZua4=",
        "owner": "zdharma-continuum",
        "repo": "fast-syntax-highlighting",
        "rev": "cf318e06a9b7c9f2219d78f41b46fa6e06011fd9",
        "type": "github"
      },
      "original": {
        "owner": "zdharma-continuum",
        "repo": "fast-syntax-highlighting",
        "type": "github"
      }
    },
    "fzf-tab": {
      "flake": false,
      "locked": {
        "lastModified": 1728610694,
        "narHash": "sha256-4A7zpaO1rNPvS0rrmmxg56rJGpZHnw/g+x5FJd0EshI=",
        "owner": "Aloxaf",
        "repo": "fzf-tab",
        "rev": "b6e1b22458a131f835c6fe65bdb88eb45093d2d2",
        "type": "github"
      },
      "original": {
        "owner": "Aloxaf",
        "repo": "fzf-tab",
        "type": "github"
      }
    },
    "omz": {
      "flake": false,
      "locked": {
        "lastModified": 1730644558,
        "narHash": "sha256-rduWnGus/kiRk4qDnR9ifwZb+PnPPCs+aWHhT+M55WQ=",
        "owner": "ohmyzsh",
        "repo": "ohmyzsh",
        "rev": "7ed475cb589c9e82211f71b3a5d7083b69cea93c",
        "type": "github"
      },
      "original": {
        "owner": "ohmyzsh",
        "repo": "ohmyzsh",
        "type": "github"
      }
    },
    "powerlevel10k": {
      "flake": false,
      "locked": {
        "lastModified": 1730111545,
        "narHash": "sha256-nf9LQMNS2xj201wuZ30YW9n19lLYs4IBcp4KXn/0kkc=",
        "owner": "romkatv",
        "repo": "powerlevel10k",
        "rev": "8a331b82108dd5c5834cebdc0abbe778cc1a2735",
        "type": "github"
      },
      "original": {
        "owner": "romkatv",
        "repo": "powerlevel10k",
        "type": "github"
      }
    },
    "root": {
      "inputs": {
        "fast-syntax-highlighting": "fast-syntax-highlighting",
        "fzf-tab": "fzf-tab",
        "omz": "omz",
        "powerlevel10k": "powerlevel10k",
        "spaceship": "spaceship",
        "z": "z",
        "z_lua": "z_lua",
        "zinit": "zinit",
        "zsh-autosuggestions": "zsh-autosuggestions",
        "zsh-vi-mode": "zsh-vi-mode"
      }
    },
    "spaceship": {
      "flake": false,
      "locked": {
        "lastModified": 1729685313,
        "narHash": "sha256-a7z/z++dmwMqIrutOc74ljz/Tu/wuEuQaN2XRBMtOvw=",
        "owner": "denysdovhan",
        "repo": "spaceship-prompt",
        "rev": "04bfd78098b6bb2720c6ea4c7288833a5aaa099b",
        "type": "github"
      },
      "original": {
        "owner": "denysdovhan",
        "repo": "spaceship-prompt",
        "type": "github"
      }
    },
    "z": {
      "flake": false,
      "locked": {
        "lastModified": 1702161693,
        "narHash": "sha256-HpZBhYgaLnF3SNhsx26U0uoXEOkgmw67q6oG1QbHX4E=",
        "owner": "rupa",
        "repo": "z",
        "rev": "d37a763a6a30e1b32766fecc3b8ffd6127f8a0fd",
        "type": "github"
      },
      "original": {
        "owner": "rupa",
        "repo": "z",
        "type": "github"
      }
    },
    "z_lua": {
      "flake": false,
      "locked": {
        "lastModified": 1729218914,
        "narHash": "sha256-8ANFHI2lnf81TF3Nrrg+fW0Z3TXYkQR8913GXF304kA=",
        "owner": "skywind3000",
        "repo": "z.lua",
        "rev": "3875d774cb1554b06f04b94f7d2b0772a5d7143c",
        "type": "github"
      },
      "original": {
        "owner": "skywind3000",
        "repo": "z.lua",
        "type": "github"
      }
    },
    "zinit": {
      "flake": false,
      "locked": {
        "lastModified": 1729075782,
        "narHash": "sha256-14LO/GVpJaiM7Ba6ZZoPFjgL3QCo9nc3owWUe7T2Ql0=",
        "owner": "zdharma-continuum",
        "repo": "zinit",
        "rev": "0c471af3fe6aa80a5ddc0fddfb741bc5b3f96cde",
        "type": "github"
      },
      "original": {
        "owner": "zdharma-continuum",
        "repo": "zinit",
        "type": "github"
      }
    },
    "zsh-autosuggestions": {
      "flake": false,
      "locked": {
        "lastModified": 1694098728,
        "narHash": "sha256-B+Kz3B7d97CM/3ztpQyVkE6EfMipVF8Y4HJNfSRXHtU=",
        "owner": "zsh-users",
        "repo": "zsh-autosuggestions",
        "rev": "c3d4e576c9c86eac62884bd47c01f6faed043fc5",
        "type": "github"
      },
      "original": {
        "owner": "zsh-users",
        "repo": "zsh-autosuggestions",
        "type": "github"
      }
    },
    "zsh-vi-mode": {
      "flake": false,
      "locked": {
        "lastModified": 1719915553,
        "narHash": "sha256-UQo9shimLaLp68U3EcsjcxokJHOTGhOjDw4XDx6ggF4=",
        "owner": "jeffreytse",
        "repo": "zsh-vi-mode",
        "rev": "cd730cd347dcc0d8ce1697f67714a90f07da26ed",
        "type": "github"
      },
      "original": {
        "owner": "jeffreytse",
        "repo": "zsh-vi-mode",
        "type": "github"
      }
    }
  },
  "root": "root",
  "version": 7
}
