{
  "nodes": {
    "fast-syntax-highlighting": {
      "flake": false,
      "locked": {
        "lastModified": 1752660993,
        "narHash": "sha256-ZihUL4JAVk9V+IELSakytlb24BvEEJ161CQEHZYYoSA=",
        "owner": "zdharma-continuum",
        "repo": "fast-syntax-highlighting",
        "rev": "3d574ccf48804b10dca52625df13da5edae7f553",
        "type": "github"
      },
      "original": {
        "owner": "zdharma-continuum",
        "repo": "fast-syntax-highlighting",
        "type": "github"
      }
    },
    "fzf-tab": {
      "flake": false,
      "locked": {
        "lastModified": 1758160945,
        "narHash": "sha256-1Ior+/9e+M+Fc1u0uq5HhknlGRS96q7tazhEE6rmx9Y=",
        "owner": "Aloxaf",
        "repo": "fzf-tab",
        "rev": "fac145167f7ec1861233c54de0c8900b09c650fe",
        "type": "github"
      },
      "original": {
        "owner": "Aloxaf",
        "repo": "fzf-tab",
        "type": "github"
      }
    },
    "omz": {
      "flake": false,
      "locked": {
        "lastModified": 1763126492,
        "narHash": "sha256-B5PiBmvAik1cww0tClLJhOrDv5CWi3njw0otDP5wnwI=",
        "owner": "ohmyzsh",
        "repo": "ohmyzsh",
        "rev": "5a282b9b3050e4851c15cfdb9d79af6a708988b7",
        "type": "github"
      },
      "original": {
        "owner": "ohmyzsh",
        "repo": "ohmyzsh",
        "type": "github"
      }
    },
    "powerlevel10k": {
      "flake": false,
      "locked": {
        "lastModified": 1745931653,
        "narHash": "sha256-BRJyGn+gTGUWifpJ1ziBKVHACcWw+R5N/HdUi8HzSvY=",
        "owner": "romkatv",
        "repo": "powerlevel10k",
        "rev": "36f3045d69d1ba402db09d09eb12b42eebe0fa3b",
        "type": "github"
      },
      "original": {
        "owner": "romkatv",
        "repo": "powerlevel10k",
        "type": "github"
      }
    },
    "root": {
      "inputs": {
        "fast-syntax-highlighting": "fast-syntax-highlighting",
        "fzf-tab": "fzf-tab",
        "omz": "omz",
        "powerlevel10k": "powerlevel10k",
        "spaceship": "spaceship",
        "z": "z",
        "z_lua": "z_lua",
        "zinit": "zinit",
        "zsh-autosuggestions": "zsh-autosuggestions",
        "zsh-vi-mode": "zsh-vi-mode"
      }
    },
    "spaceship": {
      "flake": false,
      "locked": {
        "lastModified": 1761739814,
        "narHash": "sha256-zMazuPTwvbmtd6BIjD7oDJ3V4TGlUnxJT25Pe1TI3UY=",
        "owner": "denysdovhan",
        "repo": "spaceship-prompt",
        "rev": "0acfcd2513025ee33a4ae071df163503ff112b11",
        "type": "github"
      },
      "original": {
        "owner": "denysdovhan",
        "repo": "spaceship-prompt",
        "type": "github"
      }
    },
    "z": {
      "flake": false,
      "locked": {
        "lastModified": 1702161693,
        "narHash": "sha256-HpZBhYgaLnF3SNhsx26U0uoXEOkgmw67q6oG1QbHX4E=",
        "owner": "rupa",
        "repo": "z",
        "rev": "d37a763a6a30e1b32766fecc3b8ffd6127f8a0fd",
        "type": "github"
      },
      "original": {
        "owner": "rupa",
        "repo": "z",
        "type": "github"
      }
    },
    "z_lua": {
      "flake": false,
      "locked": {
        "lastModified": 1754030575,
        "narHash": "sha256-io8FQz9Pk7pwFKTUl7yHIcxpZ4zCSUpckQxWI/sAD68=",
        "owner": "skywind3000",
        "repo": "z.lua",
        "rev": "f80e22498cf23cce7fb0f240900360f96193a5b6",
        "type": "github"
      },
      "original": {
        "owner": "skywind3000",
        "repo": "z.lua",
        "type": "github"
      }
    },
    "zinit": {
      "flake": false,
      "locked": {
        "lastModified": 1760445239,
        "narHash": "sha256-f2Meb3VsALyDlhP8y/ONMtLNSR9cjzOaxltL4y4OTvo=",
        "owner": "zdharma-continuum",
        "repo": "zinit",
        "rev": "d38a3cc4f35f0c7e6892449c18783311ec246949",
        "type": "github"
      },
      "original": {
        "owner": "zdharma-continuum",
        "repo": "zinit",
        "type": "github"
      }
    },
    "zsh-autosuggestions": {
      "flake": false,
      "locked": {
        "lastModified": 1750781703,
        "narHash": "sha256-KmkXgK1J6iAyb1FtF/gOa0adUnh1pgFsgQOUnNngBaE=",
        "owner": "zsh-users",
        "repo": "zsh-autosuggestions",
        "rev": "85919cd1ffa7d2d5412f6d3fe437ebdbeeec4fc5",
        "type": "github"
      },
      "original": {
        "owner": "zsh-users",
        "repo": "zsh-autosuggestions",
        "type": "github"
      }
    },
    "zsh-vi-mode": {
      "flake": false,
      "locked": {
        "lastModified": 1758703981,
        "narHash": "sha256-v9BH9+fFP7qkXYn61khXykcaiNnxEcsQpCgVKJuD+KU=",
        "owner": "jeffreytse",
        "repo": "zsh-vi-mode",
        "rev": "f01ced38ba12e1d2098bb96b64a20cfe30dd622b",
        "type": "github"
      },
      "original": {
        "owner": "jeffreytse",
        "repo": "zsh-vi-mode",
        "type": "github"
      }
    }
  },
  "root": "root",
  "version": 7
}
