{
  "nodes": {
    "fast-syntax-highlighting": {
      "flake": false,
      "locked": {
        "lastModified": 1688591419,
        "narHash": "sha256-RVX9ZSzjBW3LpFs2W86lKI6vtcvDWP6EPxzeTcRZua4=",
        "owner": "zdharma-continuum",
        "repo": "fast-syntax-highlighting",
        "rev": "cf318e06a9b7c9f2219d78f41b46fa6e06011fd9",
        "type": "github"
      },
      "original": {
        "owner": "zdharma-continuum",
        "repo": "fast-syntax-highlighting",
        "type": "github"
      }
    },
    "fzf-tab": {
      "flake": false,
      "locked": {
        "lastModified": 1686496455,
        "narHash": "sha256-gvZp8P3quOtcy1Xtt1LAW1cfZ/zCtnAmnWqcwrKel6w=",
        "owner": "Aloxaf",
        "repo": "fzf-tab",
        "rev": "c2b4aa5ad2532cca91f23908ac7f00efb7ff09c9",
        "type": "github"
      },
      "original": {
        "owner": "Aloxaf",
        "repo": "fzf-tab",
        "type": "github"
      }
    },
    "omz": {
      "flake": false,
      "locked": {
        "lastModified": 1701850926,
        "narHash": "sha256-OZc6FxmfQoFfEd589g4f022F6CUHQyEWwV/Ka0HCGag=",
        "owner": "ohmyzsh",
        "repo": "ohmyzsh",
        "rev": "48ccc7b36de8efb2bd7beb9bd6e0a6f6fe03b95d",
        "type": "github"
      },
      "original": {
        "owner": "ohmyzsh",
        "repo": "ohmyzsh",
        "type": "github"
      }
    },
    "powerlevel10k": {
      "flake": false,
      "locked": {
        "lastModified": 1702206900,
        "narHash": "sha256-gPsOB2JaBZzISLvp2pY+1g0J9aLaGLJXszAc4u3Ih+k=",
        "owner": "romkatv",
        "repo": "powerlevel10k",
        "rev": "d70eedb345a9cc54b4f3e9ae09b0dbbb4edc9a39",
        "type": "github"
      },
      "original": {
        "owner": "romkatv",
        "repo": "powerlevel10k",
        "type": "github"
      }
    },
    "root": {
      "inputs": {
        "fast-syntax-highlighting": "fast-syntax-highlighting",
        "fzf-tab": "fzf-tab",
        "omz": "omz",
        "powerlevel10k": "powerlevel10k",
        "spaceship": "spaceship",
        "zinit": "zinit",
        "zsh-autosuggestions": "zsh-autosuggestions",
        "zsh-vi-mode": "zsh-vi-mode"
      }
    },
    "spaceship": {
      "flake": false,
      "locked": {
        "lastModified": 1696936081,
        "narHash": "sha256-473Srq7aDe4R9UIVdQiG0P4vXNRPtg0r8Vgc+HIxZMQ=",
        "owner": "denysdovhan",
        "repo": "spaceship-prompt",
        "rev": "be826cbe2bb11a0675dd71f548ff1396608da7ea",
        "type": "github"
      },
      "original": {
        "owner": "denysdovhan",
        "repo": "spaceship-prompt",
        "type": "github"
      }
    },
    "zinit": {
      "flake": false,
      "locked": {
        "lastModified": 1702088389,
        "narHash": "sha256-zMsKUSfe+ABk1DqZSuTJNMmcNd9Zw8ow7HT7JY04SoU=",
        "owner": "zdharma-continuum",
        "repo": "zinit",
        "rev": "0ba778ac734e33c960fe08bbd56a351b1b86dcd4",
        "type": "github"
      },
      "original": {
        "owner": "zdharma-continuum",
        "repo": "zinit",
        "type": "github"
      }
    },
    "zsh-autosuggestions": {
      "flake": false,
      "locked": {
        "lastModified": 1694098728,
        "narHash": "sha256-B+Kz3B7d97CM/3ztpQyVkE6EfMipVF8Y4HJNfSRXHtU=",
        "owner": "zsh-users",
        "repo": "zsh-autosuggestions",
        "rev": "c3d4e576c9c86eac62884bd47c01f6faed043fc5",
        "type": "github"
      },
      "original": {
        "owner": "zsh-users",
        "repo": "zsh-autosuggestions",
        "type": "github"
      }
    },
    "zsh-vi-mode": {
      "flake": false,
      "locked": {
        "lastModified": 1699262975,
        "narHash": "sha256-xbchXJTFWeABTwq6h4KWLh+EvydDrDzcY9AQVK65RS8=",
        "owner": "jeffreytse",
        "repo": "zsh-vi-mode",
        "rev": "ea1f58ab9b1f3eac50e2cde3e3bc612049ef683b",
        "type": "github"
      },
      "original": {
        "owner": "jeffreytse",
        "repo": "zsh-vi-mode",
        "type": "github"
      }
    }
  },
  "root": "root",
  "version": 7
}
