{
  "nodes": {
    "colorschemes": {
      "flake": false,
      "locked": {
        "lastModified": 1707286762,
        "narHash": "sha256-bI+PCmEwpyPC5rUUlld5R3lyTlMFQMzWbydT77eCcP4=",
        "owner": "qsdrqs",
        "repo": "colorschemes",
        "rev": "700e4a1f5efac792f6ce015a50aa07bee77f7b6f",
        "type": "github"
      },
      "original": {
        "owner": "qsdrqs",
        "repo": "colorschemes",
        "type": "github"
      }
    },
    "ranger": {
      "flake": false,
      "locked": {
        "lastModified": 1740673049,
        "narHash": "sha256-wROyh9Y1afFeDmaQjYmef0c7aFsQl4LZyIzqszNcG6o=",
        "owner": "ranger",
        "repo": "ranger",
        "rev": "7c434a084ffb0b457abedcf44d89f0d608d0cbd2",
        "type": "github"
      },
      "original": {
        "owner": "ranger",
        "repo": "ranger",
        "type": "github"
      }
    },
    "ranger-archives": {
      "flake": false,
      "locked": {
        "lastModified": 1713454058,
        "narHash": "sha256-QJu5G2AYtwcaE355yhiG4wxGFMQvmBWvaPQGLsi5x9Q=",
        "owner": "maximtrp",
        "repo": "ranger-archives",
        "rev": "b4e136b24fdca7670e0c6105fb496e5df356ef25",
        "type": "github"
      },
      "original": {
        "owner": "maximtrp",
        "repo": "ranger-archives",
        "type": "github"
      }
    },
    "ranger-fzf-marks": {
      "flake": false,
      "locked": {
        "lastModified": 1626604734,
        "narHash": "sha256-6Li/vLdtKItCpLwa+wX/C2FO+AW1hWPcKy/sx7KSZrM=",
        "owner": "laggardkernel",
        "repo": "ranger-fzf-marks",
        "rev": "1d0c42cd4fd01c73bcb02e3cebcec22987b8a46d",
        "type": "github"
      },
      "original": {
        "owner": "laggardkernel",
        "repo": "ranger-fzf-marks",
        "type": "github"
      }
    },
    "ranger-zjumper": {
      "flake": false,
      "locked": {
        "lastModified": 1690706848,
        "narHash": "sha256-VB+W9iEBstQI4yZmyB8d/Ff+N8PM2y6fI7xuJhszCBw=",
        "owner": "ask1234560",
        "repo": "ranger-zjumper",
        "rev": "217f87df69ff67077d53d8220f0e79a475fb2a8e",
        "type": "github"
      },
      "original": {
        "owner": "ask1234560",
        "repo": "ranger-zjumper",
        "type": "github"
      }
    },
    "ranger_devicons": {
      "flake": false,
      "locked": {
        "lastModified": 1736375293,
        "narHash": "sha256-ck53eG+mGIQ706sUnEHbJ6vY1/LYnRcpq94JXzwnGTQ=",
        "owner": "alexanderjeurissen",
        "repo": "ranger_devicons",
        "rev": "f227f212e14996fbb366f945ec3ecaf5dc5f44b0",
        "type": "github"
      },
      "original": {
        "owner": "alexanderjeurissen",
        "repo": "ranger_devicons",
        "type": "github"
      }
    },
    "root": {
      "inputs": {
        "colorschemes": "colorschemes",
        "ranger": "ranger",
        "ranger-archives": "ranger-archives",
        "ranger-fzf-marks": "ranger-fzf-marks",
        "ranger-zjumper": "ranger-zjumper",
        "ranger_devicons": "ranger_devicons"
      }
    }
  },
  "root": "root",
  "version": 7
}
