{
  "nodes": {
    "colorschemes": {
      "flake": false,
      "locked": {
        "lastModified": 1707286762,
        "narHash": "sha256-bI+PCmEwpyPC5rUUlld5R3lyTlMFQMzWbydT77eCcP4=",
        "owner": "qsdrqs",
        "repo": "colorschemes",
        "rev": "700e4a1f5efac792f6ce015a50aa07bee77f7b6f",
        "type": "github"
      },
      "original": {
        "owner": "qsdrqs",
        "repo": "colorschemes",
        "type": "github"
      }
    },
    "ranger": {
      "flake": false,
      "locked": {
        "lastModified": 1769115243,
        "narHash": "sha256-9/9TSLXcFC+ItCCCQGaYoCjOyPH9Zx3JCKJJXf0SINI=",
        "owner": "ranger",
        "repo": "ranger",
        "rev": "46c4fde3831dcf00ed85ee4e089df28601932229",
        "type": "github"
      },
      "original": {
        "owner": "ranger",
        "repo": "ranger",
        "type": "github"
      }
    },
    "ranger-archives": {
      "flake": false,
      "locked": {
        "lastModified": 1758366477,
        "narHash": "sha256-HEJ+8KlG++PK0vVpEYptbyuPZAKllX5PeyaTBKcf+8M=",
        "owner": "maximtrp",
        "repo": "ranger-archives",
        "rev": "0b1cfa9a77412c3b51da5b1b213c672227f9fbb4",
        "type": "github"
      },
      "original": {
        "owner": "maximtrp",
        "repo": "ranger-archives",
        "type": "github"
      }
    },
    "ranger-fzf-marks": {
      "flake": false,
      "locked": {
        "lastModified": 1626604734,
        "narHash": "sha256-6Li/vLdtKItCpLwa+wX/C2FO+AW1hWPcKy/sx7KSZrM=",
        "owner": "laggardkernel",
        "repo": "ranger-fzf-marks",
        "rev": "1d0c42cd4fd01c73bcb02e3cebcec22987b8a46d",
        "type": "github"
      },
      "original": {
        "owner": "laggardkernel",
        "repo": "ranger-fzf-marks",
        "type": "github"
      }
    },
    "ranger-zjumper": {
      "flake": false,
      "locked": {
        "lastModified": 1690706848,
        "narHash": "sha256-VB+W9iEBstQI4yZmyB8d/Ff+N8PM2y6fI7xuJhszCBw=",
        "owner": "ask1234560",
        "repo": "ranger-zjumper",
        "rev": "217f87df69ff67077d53d8220f0e79a475fb2a8e",
        "type": "github"
      },
      "original": {
        "owner": "ask1234560",
        "repo": "ranger-zjumper",
        "type": "github"
      }
    },
    "ranger_devicons": {
      "flake": false,
      "locked": {
        "lastModified": 1749128401,
        "narHash": "sha256-qvWqKVS4C5OO6bgETBlVDwcv4eamGlCUltjsBU3gAbA=",
        "owner": "alexanderjeurissen",
        "repo": "ranger_devicons",
        "rev": "1bcaff0366a9d345313dc5af14002cfdcddabb82",
        "type": "github"
      },
      "original": {
        "owner": "alexanderjeurissen",
        "repo": "ranger_devicons",
        "type": "github"
      }
    },
    "root": {
      "inputs": {
        "colorschemes": "colorschemes",
        "ranger": "ranger",
        "ranger-archives": "ranger-archives",
        "ranger-fzf-marks": "ranger-fzf-marks",
        "ranger-zjumper": "ranger-zjumper",
        "ranger_devicons": "ranger_devicons"
      }
    }
  },
  "root": "root",
  "version": 7
}
